
Microsoft Visual Studio Solution File, Format Version 12.00
# Visual Studio 15
VisualStudioVersion = 15.0.26124.0
MinimumVisualStudioVersion = 15.0.26124.0
Project("{9A19103F-16F7-4668-BE54-9A1E7A4F7556}") = "R5T.Tools.NuGet.Types.Construction", "R5T.Tools.NuGet.Types.Construction\R5T.Tools.NuGet.Types.Construction.csproj", "{9C989C62-6291-4900-AC75-1B88711E013A}"
EndProject
Project("{9A19103F-16F7-4668-BE54-9A1E7A4F7556}") = "R5T.Tools.NuGet.Types", "R5T.Tools.NuGet.Types\R5T.Tools.NuGet.Types.csproj", "{A74E4102-F3AA-4924-B240-6484CB1D22A2}"
EndProject
Project("{9A19103F-16F7-4668-BE54-9A1E7A4F7556}") = "R5T.Tools.NuGet.Types.Testing", "R5T.Tools.NuGet.Types.Testing\R5T.Tools.NuGet.Types.Testing.csproj", "{615CAB15-794A-4DD6-836C-6C64A86A41B2}"
EndProject
Project("{9A19103F-16F7-4668-BE54-9A1E7A4F7556}") = "R5T.NetStandard.Extensions", "..\..\R5T.NetStandard.Extensions\source\R5T.NetStandard.Extensions\R5T.NetStandard.Extensions.csproj", "{3687CBFB-5CB1-4CE1-AE36-DADF8EAB3A9F}"
EndProject
Project("{9A19103F-16F7-4668-BE54-9A1E7A4F7556}") = "R5T.NetStandard.OS.Types", "..\..\R5T.NetStandard.OS.Types\source\R5T.NetStandard.OS.Types\R5T.NetStandard.OS.Types.csproj", "{A299C7B1-EEB4-419E-9B03-8C9EB4A95145}"
EndProject
Project("{9A19103F-16F7-4668-BE54-9A1E7A4F7556}") = "R5T.NetStandard.OS", "..\..\R5T.NetStandard.OS\source\R5T.NetStandard.OS\R5T.NetStandard.OS.csproj", "{9350378F-1A78-4063-92A7-E16D2B1F4786}"
EndProject
Project("{9A19103F-16F7-4668-BE54-9A1E7A4F7556}") = "R5T.NetStandard.TypedString", "..\..\R5T.NetStandard.TypedString\source\R5T.NetStandard.TypedString\R5T.NetStandard.TypedString.csproj", "{283E9DE4-FD7D-420C-833E-3BF4DE778184}"
EndProject
Project("{9A19103F-16F7-4668-BE54-9A1E7A4F7556}") = "R5T.NetStandard.Types", "..\..\R5T.NetStandard.Types\source\R5T.NetStandard.Types\R5T.NetStandard.Types.csproj", "{1BFB235C-5C61-4A8A-8505-5476479B47A8}"
EndProject
Project("{9A19103F-16F7-4668-BE54-9A1E7A4F7556}") = "R5T.NetStandard.IO.Paths", "..\..\R5T.NetStandard.IO.Paths\source\R5T.NetStandard.IO.Paths\R5T.NetStandard.IO.Paths.csproj", "{D8110950-0473-4B81-A02F-CC26D6A6FEAF}"
EndProject
Project("{2150E333-8FDC-42A3-9474-1A3956D46DE8}") = "_Dependencies", "_Dependencies", "{E3E003C4-EA8D-498E-BA6A-3DC123E92786}"
EndProject
Project("{9A19103F-16F7-4668-BE54-9A1E7A4F7556}") = "R5T.NetStandard.IO", "..\..\R5T.NetStandard.IO\source\R5T.NetStandard.IO\R5T.NetStandard.IO.csproj", "{E5642C6A-3DB6-422C-9FB0-B5F6C2A5927C}"
EndProject
Global
	GlobalSection(SolutionConfigurationPlatforms) = preSolution
		Debug|Any CPU = Debug|Any CPU
		Debug|x64 = Debug|x64
		Debug|x86 = Debug|x86
		Release|Any CPU = Release|Any CPU
		Release|x64 = Release|x64
		Release|x86 = Release|x86
	EndGlobalSection
	GlobalSection(ProjectConfigurationPlatforms) = postSolution
		{9C989C62-6291-4900-AC75-1B88711E013A}.Debug|Any CPU.ActiveCfg = Debug|Any CPU
		{9C989C62-6291-4900-AC75-1B88711E013A}.Debug|Any CPU.Build.0 = Debug|Any CPU
		{9C989C62-6291-4900-AC75-1B88711E013A}.Debug|x64.ActiveCfg = Debug|Any CPU
		{9C989C62-6291-4900-AC75-1B88711E013A}.Debug|x64.Build.0 = Debug|Any CPU
		{9C989C62-6291-4900-AC75-1B88711E013A}.Debug|x86.ActiveCfg = Debug|Any CPU
		{9C989C62-6291-4900-AC75-1B88711E013A}.Debug|x86.Build.0 = Debug|Any CPU
		{9C989C62-6291-4900-AC75-1B88711E013A}.Release|Any CPU.ActiveCfg = Release|Any CPU
		{9C989C62-6291-4900-AC75-1B88711E013A}.Release|Any CPU.Build.0 = Release|Any CPU
		{9C989C62-6291-4900-AC75-1B88711E013A}.Release|x64.ActiveCfg = Release|Any CPU
		{9C989C62-6291-4900-AC75-1B88711E013A}.Release|x64.Build.0 = Release|Any CPU
		{9C989C62-6291-4900-AC75-1B88711E013A}.Release|x86.ActiveCfg = Release|Any CPU
		{9C989C62-6291-4900-AC75-1B88711E013A}.Release|x86.Build.0 = Release|Any CPU
		{A74E4102-F3AA-4924-B240-6484CB1D22A2}.Debug|Any CPU.ActiveCfg = Debug|Any CPU
		{A74E4102-F3AA-4924-B240-6484CB1D22A2}.Debug|Any CPU.Build.0 = Debug|Any CPU
		{A74E4102-F3AA-4924-B240-6484CB1D22A2}.Debug|x64.ActiveCfg = Debug|Any CPU
		{A74E4102-F3AA-4924-B240-6484CB1D22A2}.Debug|x64.Build.0 = Debug|Any CPU
		{A74E4102-F3AA-4924-B240-6484CB1D22A2}.Debug|x86.ActiveCfg = Debug|Any CPU
		{A74E4102-F3AA-4924-B240-6484CB1D22A2}.Debug|x86.Build.0 = Debug|Any CPU
		{A74E4102-F3AA-4924-B240-6484CB1D22A2}.Release|Any CPU.ActiveCfg = Release|Any CPU
		{A74E4102-F3AA-4924-B240-6484CB1D22A2}.Release|Any CPU.Build.0 = Release|Any CPU
		{A74E4102-F3AA-4924-B240-6484CB1D22A2}.Release|x64.ActiveCfg = Release|Any CPU
		{A74E4102-F3AA-4924-B240-6484CB1D22A2}.Release|x64.Build.0 = Release|Any CPU
		{A74E4102-F3AA-4924-B240-6484CB1D22A2}.Release|x86.ActiveCfg = Release|Any CPU
		{A74E4102-F3AA-4924-B240-6484CB1D22A2}.Release|x86.Build.0 = Release|Any CPU
		{615CAB15-794A-4DD6-836C-6C64A86A41B2}.Debug|Any CPU.ActiveCfg = Debug|Any CPU
		{615CAB15-794A-4DD6-836C-6C64A86A41B2}.Debug|Any CPU.Build.0 = Debug|Any CPU
		{615CAB15-794A-4DD6-836C-6C64A86A41B2}.Debug|x64.ActiveCfg = Debug|Any CPU
		{615CAB15-794A-4DD6-836C-6C64A86A41B2}.Debug|x64.Build.0 = Debug|Any CPU
		{615CAB15-794A-4DD6-836C-6C64A86A41B2}.Debug|x86.ActiveCfg = Debug|Any CPU
		{615CAB15-794A-4DD6-836C-6C64A86A41B2}.Debug|x86.Build.0 = Debug|Any CPU
		{615CAB15-794A-4DD6-836C-6C64A86A41B2}.Release|Any CPU.ActiveCfg = Release|Any CPU
		{615CAB15-794A-4DD6-836C-6C64A86A41B2}.Release|Any CPU.Build.0 = Release|Any CPU
		{615CAB15-794A-4DD6-836C-6C64A86A41B2}.Release|x64.ActiveCfg = Release|Any CPU
		{615CAB15-794A-4DD6-836C-6C64A86A41B2}.Release|x64.Build.0 = Release|Any CPU
		{615CAB15-794A-4DD6-836C-6C64A86A41B2}.Release|x86.ActiveCfg = Release|Any CPU
		{615CAB15-794A-4DD6-836C-6C64A86A41B2}.Release|x86.Build.0 = Release|Any CPU
		{3687CBFB-5CB1-4CE1-AE36-DADF8EAB3A9F}.Debug|Any CPU.ActiveCfg = Debug|Any CPU
		{3687CBFB-5CB1-4CE1-AE36-DADF8EAB3A9F}.Debug|Any CPU.Build.0 = Debug|Any CPU
		{3687CBFB-5CB1-4CE1-AE36-DADF8EAB3A9F}.Debug|x64.ActiveCfg = Debug|Any CPU
		{3687CBFB-5CB1-4CE1-AE36-DADF8EAB3A9F}.Debug|x64.Build.0 = Debug|Any CPU
		{3687CBFB-5CB1-4CE1-AE36-DADF8EAB3A9F}.Debug|x86.ActiveCfg = Debug|Any CPU
		{3687CBFB-5CB1-4CE1-AE36-DADF8EAB3A9F}.Debug|x86.Build.0 = Debug|Any CPU
		{3687CBFB-5CB1-4CE1-AE36-DADF8EAB3A9F}.Release|Any CPU.ActiveCfg = Release|Any CPU
		{3687CBFB-5CB1-4CE1-AE36-DADF8EAB3A9F}.Release|Any CPU.Build.0 = Release|Any CPU
		{3687CBFB-5CB1-4CE1-AE36-DADF8EAB3A9F}.Release|x64.ActiveCfg = Release|Any CPU
		{3687CBFB-5CB1-4CE1-AE36-DADF8EAB3A9F}.Release|x64.Build.0 = Release|Any CPU
		{3687CBFB-5CB1-4CE1-AE36-DADF8EAB3A9F}.Release|x86.ActiveCfg = Release|Any CPU
		{3687CBFB-5CB1-4CE1-AE36-DADF8EAB3A9F}.Release|x86.Build.0 = Release|Any CPU
		{A299C7B1-EEB4-419E-9B03-8C9EB4A95145}.Debug|Any CPU.ActiveCfg = Debug|Any CPU
		{A299C7B1-EEB4-419E-9B03-8C9EB4A95145}.Debug|Any CPU.Build.0 = Debug|Any CPU
		{A299C7B1-EEB4-419E-9B03-8C9EB4A95145}.Debug|x64.ActiveCfg = Debug|Any CPU
		{A299C7B1-EEB4-419E-9B03-8C9EB4A95145}.Debug|x64.Build.0 = Debug|Any CPU
		{A299C7B1-EEB4-419E-9B03-8C9EB4A95145}.Debug|x86.ActiveCfg = Debug|Any CPU
		{A299C7B1-EEB4-419E-9B03-8C9EB4A95145}.Debug|x86.Build.0 = Debug|Any CPU
		{A299C7B1-EEB4-419E-9B03-8C9EB4A95145}.Release|Any CPU.ActiveCfg = Release|Any CPU
		{A299C7B1-EEB4-419E-9B03-8C9EB4A95145}.Release|Any CPU.Build.0 = Release|Any CPU
		{A299C7B1-EEB4-419E-9B03-8C9EB4A95145}.Release|x64.ActiveCfg = Release|Any CPU
		{A299C7B1-EEB4-419E-9B03-8C9EB4A95145}.Release|x64.Build.0 = Release|Any CPU
		{A299C7B1-EEB4-419E-9B03-8C9EB4A95145}.Release|x86.ActiveCfg = Release|Any CPU
		{A299C7B1-EEB4-419E-9B03-8C9EB4A95145}.Release|x86.Build.0 = Release|Any CPU
		{9350378F-1A78-4063-92A7-E16D2B1F4786}.Debug|Any CPU.ActiveCfg = Debug|Any CPU
		{9350378F-1A78-4063-92A7-E16D2B1F4786}.Debug|Any CPU.Build.0 = Debug|Any CPU
		{9350378F-1A78-4063-92A7-E16D2B1F4786}.Debug|x64.ActiveCfg = Debug|Any CPU
		{9350378F-1A78-4063-92A7-E16D2B1F4786}.Debug|x64.Build.0 = Debug|Any CPU
		{9350378F-1A78-4063-92A7-E16D2B1F4786}.Debug|x86.ActiveCfg = Debug|Any CPU
		{9350378F-1A78-4063-92A7-E16D2B1F4786}.Debug|x86.Build.0 = Debug|Any CPU
		{9350378F-1A78-4063-92A7-E16D2B1F4786}.Release|Any CPU.ActiveCfg = Release|Any CPU
		{9350378F-1A78-4063-92A7-E16D2B1F4786}.Release|Any CPU.Build.0 = Release|Any CPU
		{9350378F-1A78-4063-92A7-E16D2B1F4786}.Release|x64.ActiveCfg = Release|Any CPU
		{9350378F-1A78-4063-92A7-E16D2B1F4786}.Release|x64.Build.0 = Release|Any CPU
		{9350378F-1A78-4063-92A7-E16D2B1F4786}.Release|x86.ActiveCfg = Release|Any CPU
		{9350378F-1A78-4063-92A7-E16D2B1F4786}.Release|x86.Build.0 = Release|Any CPU
		{283E9DE4-FD7D-420C-833E-3BF4DE778184}.Debug|Any CPU.ActiveCfg = Debug|Any CPU
		{283E9DE4-FD7D-420C-833E-3BF4DE778184}.Debug|Any CPU.Build.0 = Debug|Any CPU
		{283E9DE4-FD7D-420C-833E-3BF4DE778184}.Debug|x64.ActiveCfg = Debug|Any CPU
		{283E9DE4-FD7D-420C-833E-3BF4DE778184}.Debug|x64.Build.0 = Debug|Any CPU
		{283E9DE4-FD7D-420C-833E-3BF4DE778184}.Debug|x86.ActiveCfg = Debug|Any CPU
		{283E9DE4-FD7D-420C-833E-3BF4DE778184}.Debug|x86.Build.0 = Debug|Any CPU
		{283E9DE4-FD7D-420C-833E-3BF4DE778184}.Release|Any CPU.ActiveCfg = Release|Any CPU
		{283E9DE4-FD7D-420C-833E-3BF4DE778184}.Release|Any CPU.Build.0 = Release|Any CPU
		{283E9DE4-FD7D-420C-833E-3BF4DE778184}.Release|x64.ActiveCfg = Release|Any CPU
		{283E9DE4-FD7D-420C-833E-3BF4DE778184}.Release|x64.Build.0 = Release|Any CPU
		{283E9DE4-FD7D-420C-833E-3BF4DE778184}.Release|x86.ActiveCfg = Release|Any CPU
		{283E9DE4-FD7D-420C-833E-3BF4DE778184}.Release|x86.Build.0 = Release|Any CPU
		{1BFB235C-5C61-4A8A-8505-5476479B47A8}.Debug|Any CPU.ActiveCfg = Debug|Any CPU
		{1BFB235C-5C61-4A8A-8505-5476479B47A8}.Debug|Any CPU.Build.0 = Debug|Any CPU
		{1BFB235C-5C61-4A8A-8505-5476479B47A8}.Debug|x64.ActiveCfg = Debug|Any CPU
		{1BFB235C-5C61-4A8A-8505-5476479B47A8}.Debug|x64.Build.0 = Debug|Any CPU
		{1BFB235C-5C61-4A8A-8505-5476479B47A8}.Debug|x86.ActiveCfg = Debug|Any CPU
		{1BFB235C-5C61-4A8A-8505-5476479B47A8}.Debug|x86.Build.0 = Debug|Any CPU
		{1BFB235C-5C61-4A8A-8505-5476479B47A8}.Release|Any CPU.ActiveCfg = Release|Any CPU
		{1BFB235C-5C61-4A8A-8505-5476479B47A8}.Release|Any CPU.Build.0 = Release|Any CPU
		{1BFB235C-5C61-4A8A-8505-5476479B47A8}.Release|x64.ActiveCfg = Release|Any CPU
		{1BFB235C-5C61-4A8A-8505-5476479B47A8}.Release|x64.Build.0 = Release|Any CPU
		{1BFB235C-5C61-4A8A-8505-5476479B47A8}.Release|x86.ActiveCfg = Release|Any CPU
		{1BFB235C-5C61-4A8A-8505-5476479B47A8}.Release|x86.Build.0 = Release|Any CPU
		{D8110950-0473-4B81-A02F-CC26D6A6FEAF}.Debug|Any CPU.ActiveCfg = Debug|Any CPU
		{D8110950-0473-4B81-A02F-CC26D6A6FEAF}.Debug|Any CPU.Build.0 = Debug|Any CPU
		{D8110950-0473-4B81-A02F-CC26D6A6FEAF}.Debug|x64.ActiveCfg = Debug|Any CPU
		{D8110950-0473-4B81-A02F-CC26D6A6FEAF}.Debug|x64.Build.0 = Debug|Any CPU
		{D8110950-0473-4B81-A02F-CC26D6A6FEAF}.Debug|x86.ActiveCfg = Debug|Any CPU
		{D8110950-0473-4B81-A02F-CC26D6A6FEAF}.Debug|x86.Build.0 = Debug|Any CPU
		{D8110950-0473-4B81-A02F-CC26D6A6FEAF}.Release|Any CPU.ActiveCfg = Release|Any CPU
		{D8110950-0473-4B81-A02F-CC26D6A6FEAF}.Release|Any CPU.Build.0 = Release|Any CPU
		{D8110950-0473-4B81-A02F-CC26D6A6FEAF}.Release|x64.ActiveCfg = Release|Any CPU
		{D8110950-0473-4B81-A02F-CC26D6A6FEAF}.Release|x64.Build.0 = Release|Any CPU
		{D8110950-0473-4B81-A02F-CC26D6A6FEAF}.Release|x86.ActiveCfg = Release|Any CPU
		{D8110950-0473-4B81-A02F-CC26D6A6FEAF}.Release|x86.Build.0 = Release|Any CPU
		{E5642C6A-3DB6-422C-9FB0-B5F6C2A5927C}.Debug|Any CPU.ActiveCfg = Debug|Any CPU
		{E5642C6A-3DB6-422C-9FB0-B5F6C2A5927C}.Debug|Any CPU.Build.0 = Debug|Any CPU
		{E5642C6A-3DB6-422C-9FB0-B5F6C2A5927C}.Debug|x64.ActiveCfg = Debug|Any CPU
		{E5642C6A-3DB6-422C-9FB0-B5F6C2A5927C}.Debug|x64.Build.0 = Debug|Any CPU
		{E5642C6A-3DB6-422C-9FB0-B5F6C2A5927C}.Debug|x86.ActiveCfg = Debug|Any CPU
		{E5642C6A-3DB6-422C-9FB0-B5F6C2A5927C}.Debug|x86.Build.0 = Debug|Any CPU
		{E5642C6A-3DB6-422C-9FB0-B5F6C2A5927C}.Release|Any CPU.ActiveCfg = Release|Any CPU
		{E5642C6A-3DB6-422C-9FB0-B5F6C2A5927C}.Release|Any CPU.Build.0 = Release|Any CPU
		{E5642C6A-3DB6-422C-9FB0-B5F6C2A5927C}.Release|x64.ActiveCfg = Release|Any CPU
		{E5642C6A-3DB6-422C-9FB0-B5F6C2A5927C}.Release|x64.Build.0 = Release|Any CPU
		{E5642C6A-3DB6-422C-9FB0-B5F6C2A5927C}.Release|x86.ActiveCfg = Release|Any CPU
		{E5642C6A-3DB6-422C-9FB0-B5F6C2A5927C}.Release|x86.Build.0 = Release|Any CPU
	EndGlobalSection
	GlobalSection(SolutionProperties) = preSolution
		HideSolutionNode = FALSE
	EndGlobalSection
	GlobalSection(NestedProjects) = preSolution
		{3687CBFB-5CB1-4CE1-AE36-DADF8EAB3A9F} = {E3E003C4-EA8D-498E-BA6A-3DC123E92786}
		{A299C7B1-EEB4-419E-9B03-8C9EB4A95145} = {E3E003C4-EA8D-498E-BA6A-3DC123E92786}
		{9350378F-1A78-4063-92A7-E16D2B1F4786} = {E3E003C4-EA8D-498E-BA6A-3DC123E92786}
		{283E9DE4-FD7D-420C-833E-3BF4DE778184} = {E3E003C4-EA8D-498E-BA6A-3DC123E92786}
		{1BFB235C-5C61-4A8A-8505-5476479B47A8} = {E3E003C4-EA8D-498E-BA6A-3DC123E92786}
		{D8110950-0473-4B81-A02F-CC26D6A6FEAF} = {E3E003C4-EA8D-498E-BA6A-3DC123E92786}
		{E5642C6A-3DB6-422C-9FB0-B5F6C2A5927C} = {E3E003C4-EA8D-498E-BA6A-3DC123E92786}
	EndGlobalSection
	GlobalSection(ExtensibilityGlobals) = postSolution
		SolutionGuid = {5829D5C5-B6B5-4A49-AB90-BD272DF78E1A}
	EndGlobalSection
EndGlobal
